
Microsoft Visual Studio Solution File, Format Version 12.00
# Visual Studio 15
VisualStudioVersion = 15.0.28307.168
MinimumVisualStudioVersion = 10.0.40219.1
Project("{FAE04EC0-301F-11D3-BF4B-00C04F79EFBC}") = "Wind.Android", "Wind\Wind.Android\Wind.Android.csproj", "{CE11CBC4-38F1-424F-94A7-005153ABA65E}"
EndProject
Project("{FAE04EC0-301F-11D3-BF4B-00C04F79EFBC}") = "Wind.UWP", "Wind\Wind.UWP\Wind.UWP.csproj", "{100F93E8-01A4-4641-900F-33577EF6B7A4}"
EndProject
Project("{FAE04EC0-301F-11D3-BF4B-00C04F79EFBC}") = "Wind", "Wind\Wind\Wind.csproj", "{BA5E83C1-8E48-4A3A-8AF1-A92E9B5042B0}"
EndProject
Global
	GlobalSection(SolutionConfigurationPlatforms) = preSolution
		Debug|Any CPU = Debug|Any CPU
		Debug|ARM = Debug|ARM
		Debug|x64 = Debug|x64
		Debug|x86 = Debug|x86
		Release|Any CPU = Release|Any CPU
		Release|ARM = Release|ARM
		Release|x64 = Release|x64
		Release|x86 = Release|x86
	EndGlobalSection
	GlobalSection(ProjectConfigurationPlatforms) = postSolution
		{CE11CBC4-38F1-424F-94A7-005153ABA65E}.Debug|Any CPU.ActiveCfg = Debug|Any CPU
		{CE11CBC4-38F1-424F-94A7-005153ABA65E}.Debug|Any CPU.Build.0 = Debug|Any CPU
		{CE11CBC4-38F1-424F-94A7-005153ABA65E}.Debug|Any CPU.Deploy.0 = Debug|Any CPU
		{CE11CBC4-38F1-424F-94A7-005153ABA65E}.Debug|ARM.ActiveCfg = Debug|Any CPU
		{CE11CBC4-38F1-424F-94A7-005153ABA65E}.Debug|ARM.Build.0 = Debug|Any CPU
		{CE11CBC4-38F1-424F-94A7-005153ABA65E}.Debug|ARM.Deploy.0 = Debug|Any CPU
		{CE11CBC4-38F1-424F-94A7-005153ABA65E}.Debug|x64.ActiveCfg = Debug|Any CPU
		{CE11CBC4-38F1-424F-94A7-005153ABA65E}.Debug|x64.Build.0 = Debug|Any CPU
		{CE11CBC4-38F1-424F-94A7-005153ABA65E}.Debug|x64.Deploy.0 = Debug|Any CPU
		{CE11CBC4-38F1-424F-94A7-005153ABA65E}.Debug|x86.ActiveCfg = Debug|Any CPU
		{CE11CBC4-38F1-424F-94A7-005153ABA65E}.Debug|x86.Build.0 = Debug|Any CPU
		{CE11CBC4-38F1-424F-94A7-005153ABA65E}.Debug|x86.Deploy.0 = Debug|Any CPU
		{CE11CBC4-38F1-424F-94A7-005153ABA65E}.Release|Any CPU.ActiveCfg = Release|Any CPU
		{CE11CBC4-38F1-424F-94A7-005153ABA65E}.Release|Any CPU.Build.0 = Release|Any CPU
		{CE11CBC4-38F1-424F-94A7-005153ABA65E}.Release|Any CPU.Deploy.0 = Release|Any CPU
		{CE11CBC4-38F1-424F-94A7-005153ABA65E}.Release|ARM.ActiveCfg = Release|Any CPU
		{CE11CBC4-38F1-424F-94A7-005153ABA65E}.Release|ARM.Build.0 = Release|Any CPU
		{CE11CBC4-38F1-424F-94A7-005153ABA65E}.Release|ARM.Deploy.0 = Release|Any CPU
		{CE11CBC4-38F1-424F-94A7-005153ABA65E}.Release|x64.ActiveCfg = Release|Any CPU
		{CE11CBC4-38F1-424F-94A7-005153ABA65E}.Release|x64.Build.0 = Release|Any CPU
		{CE11CBC4-38F1-424F-94A7-005153ABA65E}.Release|x64.Deploy.0 = Release|Any CPU
		{CE11CBC4-38F1-424F-94A7-005153ABA65E}.Release|x86.ActiveCfg = Release|Any CPU
		{CE11CBC4-38F1-424F-94A7-005153ABA65E}.Release|x86.Build.0 = Release|Any CPU
		{CE11CBC4-38F1-424F-94A7-005153ABA65E}.Release|x86.Deploy.0 = Release|Any CPU
		{100F93E8-01A4-4641-900F-33577EF6B7A4}.Debug|Any CPU.ActiveCfg = Debug|x86
		{100F93E8-01A4-4641-900F-33577EF6B7A4}.Debug|Any CPU.Build.0 = Debug|x86
		{100F93E8-01A4-4641-900F-33577EF6B7A4}.Debug|Any CPU.Deploy.0 = Debug|x86
		{100F93E8-01A4-4641-900F-33577EF6B7A4}.Debug|ARM.ActiveCfg = Debug|ARM
		{100F93E8-01A4-4641-900F-33577EF6B7A4}.Debug|ARM.Build.0 = Debug|ARM
		{100F93E8-01A4-4641-900F-33577EF6B7A4}.Debug|ARM.Deploy.0 = Debug|ARM
		{100F93E8-01A4-4641-900F-33577EF6B7A4}.Debug|x64.ActiveCfg = Debug|x64
		{100F93E8-01A4-4641-900F-33577EF6B7A4}.Debug|x64.Build.0 = Debug|x64
		{100F93E8-01A4-4641-900F-33577EF6B7A4}.Debug|x64.Deploy.0 = Debug|x64
		{100F93E8-01A4-4641-900F-33577EF6B7A4}.Debug|x86.ActiveCfg = Debug|x86
		{100F93E8-01A4-4641-900F-33577EF6B7A4}.Debug|x86.Build.0 = Debug|x86
		{100F93E8-01A4-4641-900F-33577EF6B7A4}.Debug|x86.Deploy.0 = Debug|x86
		{100F93E8-01A4-4641-900F-33577EF6B7A4}.Release|Any CPU.ActiveCfg = Release|x86
		{100F93E8-01A4-4641-900F-33577EF6B7A4}.Release|Any CPU.Build.0 = Release|x86
		{100F93E8-01A4-4641-900F-33577EF6B7A4}.Release|Any CPU.Deploy.0 = Release|x86
		{100F93E8-01A4-4641-900F-33577EF6B7A4}.Release|ARM.ActiveCfg = Release|ARM
		{100F93E8-01A4-4641-900F-33577EF6B7A4}.Release|ARM.Build.0 = Release|ARM
		{100F93E8-01A4-4641-900F-33577EF6B7A4}.Release|ARM.Deploy.0 = Release|ARM
		{100F93E8-01A4-4641-900F-33577EF6B7A4}.Release|x64.ActiveCfg = Release|x64
		{100F93E8-01A4-4641-900F-33577EF6B7A4}.Release|x64.Build.0 = Release|x64
		{100F93E8-01A4-4641-900F-33577EF6B7A4}.Release|x64.Deploy.0 = Release|x64
		{100F93E8-01A4-4641-900F-33577EF6B7A4}.Release|x86.ActiveCfg = Release|x86
		{100F93E8-01A4-4641-900F-33577EF6B7A4}.Release|x86.Build.0 = Release|x86
		{100F93E8-01A4-4641-900F-33577EF6B7A4}.Release|x86.Deploy.0 = Release|x86
		{BA5E83C1-8E48-4A3A-8AF1-A92E9B5042B0}.Debug|Any CPU.ActiveCfg = Debug|Any CPU
		{BA5E83C1-8E48-4A3A-8AF1-A92E9B5042B0}.Debug|Any CPU.Build.0 = Debug|Any CPU
		{BA5E83C1-8E48-4A3A-8AF1-A92E9B5042B0}.Debug|Any CPU.Deploy.0 = Debug|Any CPU
		{BA5E83C1-8E48-4A3A-8AF1-A92E9B5042B0}.Debug|ARM.ActiveCfg = Debug|Any CPU
		{BA5E83C1-8E48-4A3A-8AF1-A92E9B5042B0}.Debug|ARM.Build.0 = Debug|Any CPU
		{BA5E83C1-8E48-4A3A-8AF1-A92E9B5042B0}.Debug|ARM.Deploy.0 = Debug|Any CPU
		{BA5E83C1-8E48-4A3A-8AF1-A92E9B5042B0}.Debug|x64.ActiveCfg = Debug|Any CPU
		{BA5E83C1-8E48-4A3A-8AF1-A92E9B5042B0}.Debug|x64.Build.0 = Debug|Any CPU
		{BA5E83C1-8E48-4A3A-8AF1-A92E9B5042B0}.Debug|x64.Deploy.0 = Debug|Any CPU
		{BA5E83C1-8E48-4A3A-8AF1-A92E9B5042B0}.Debug|x86.ActiveCfg = Debug|Any CPU
		{BA5E83C1-8E48-4A3A-8AF1-A92E9B5042B0}.Debug|x86.Build.0 = Debug|Any CPU
		{BA5E83C1-8E48-4A3A-8AF1-A92E9B5042B0}.Debug|x86.Deploy.0 = Debug|Any CPU
		{BA5E83C1-8E48-4A3A-8AF1-A92E9B5042B0}.Release|Any CPU.ActiveCfg = Release|Any CPU
		{BA5E83C1-8E48-4A3A-8AF1-A92E9B5042B0}.Release|Any CPU.Build.0 = Release|Any CPU
		{BA5E83C1-8E48-4A3A-8AF1-A92E9B5042B0}.Release|Any CPU.Deploy.0 = Release|Any CPU
		{BA5E83C1-8E48-4A3A-8AF1-A92E9B5042B0}.Release|ARM.ActiveCfg = Release|Any CPU
		{BA5E83C1-8E48-4A3A-8AF1-A92E9B5042B0}.Release|ARM.Build.0 = Release|Any CPU
		{BA5E83C1-8E48-4A3A-8AF1-A92E9B5042B0}.Release|ARM.Deploy.0 = Release|Any CPU
		{BA5E83C1-8E48-4A3A-8AF1-A92E9B5042B0}.Release|x64.ActiveCfg = Release|Any CPU
		{BA5E83C1-8E48-4A3A-8AF1-A92E9B5042B0}.Release|x64.Build.0 = Release|Any CPU
		{BA5E83C1-8E48-4A3A-8AF1-A92E9B5042B0}.Release|x64.Deploy.0 = Release|Any CPU
		{BA5E83C1-8E48-4A3A-8AF1-A92E9B5042B0}.Release|x86.ActiveCfg = Release|Any CPU
		{BA5E83C1-8E48-4A3A-8AF1-A92E9B5042B0}.Release|x86.Build.0 = Release|Any CPU
		{BA5E83C1-8E48-4A3A-8AF1-A92E9B5042B0}.Release|x86.Deploy.0 = Release|Any CPU
	EndGlobalSection
	GlobalSection(SolutionProperties) = preSolution
		HideSolutionNode = FALSE
	EndGlobalSection
	GlobalSection(ExtensibilityGlobals) = postSolution
		SolutionGuid = {191D8AB7-2D50-4ED0-A7F3-DAD170834815}
	EndGlobalSection
EndGlobal
